{
  "name": "my-malicious-package",
  "version": "1.0.7",
  "lockfileVersion": 2,
  "requires": true,
  "packages": {
    "": {
      "name": "my-malicious-package",
      "version": "1.0.7",
      "dependencies": {
        "kascia": "./"
      }
    },
    "node_modules/kascia": {
      "resolved": "",
      "link": true
    }
  },
  "dependencies": {
    "kascia": {
      "version": "file:",
      "requires": {
        "kascia": "./"
      }
    }
  }
}
